{
  "name": "ConsultantFinanciar",
  "lockfileVersion": 3,
  "requires": true,
  "packages": {
    "": {
      "dependencies": {
        "@fontsource/roboto": "^5.2.9"
      }
    },
    "node_modules/@fontsource/roboto": {
      "version": "5.2.9",
      "resolved": "https://registry.npmjs.org/@fontsource/roboto/-/roboto-5.2.9.tgz",
      "integrity": "sha512-ZTkyHiPk74B/aj8BZWbsxD5Yu+Lq+nR64eV4wirlrac2qXR7jYk2h6JlLYuOuoruTkGQWNw2fMuKNavw7/rg0w==",
      "license": "OFL-1.1",
      "funding": {
        "url": "https://github.com/sponsors/ayuhito"
      }
    }
  }
}
